
Microsoft Visual Studio Solution File, Format Version 12.00
# Visual Studio 15
Project("{FAE04EC0-301F-11D3-BF4B-00C04F79EFBC}") = "Assembly-CSharp", "Assembly-CSharp.csproj", "{5EF7D621-AAEB-7E2E-FE71-58BB616E4BD8}"
EndProject
Project("{FAE04EC0-301F-11D3-BF4B-00C04F79EFBC}") = "Assembly-CSharp-Editor", "Assembly-CSharp-Editor.csproj", "{F141F68B-6FB8-40E2-25D1-8AD83CDDDB3D}"
EndProject
Global
	GlobalSection(SolutionConfigurationPlatforms) = preSolution
		Debug|Any CPU = Debug|Any CPU
		Release|Any CPU = Release|Any CPU
	EndGlobalSection
	GlobalSection(ProjectConfigurationPlatforms) = postSolution
		{5EF7D621-AAEB-7E2E-FE71-58BB616E4BD8}.Debug|Any CPU.ActiveCfg = Debug|Any CPU
		{5EF7D621-AAEB-7E2E-FE71-58BB616E4BD8}.Debug|Any CPU.Build.0 = Debug|Any CPU
		{5EF7D621-AAEB-7E2E-FE71-58BB616E4BD8}.Release|Any CPU.ActiveCfg = Release|Any CPU
		{5EF7D621-AAEB-7E2E-FE71-58BB616E4BD8}.Release|Any CPU.Build.0 = Release|Any CPU
		{F141F68B-6FB8-40E2-25D1-8AD83CDDDB3D}.Debug|Any CPU.ActiveCfg = Debug|Any CPU
		{F141F68B-6FB8-40E2-25D1-8AD83CDDDB3D}.Debug|Any CPU.Build.0 = Debug|Any CPU
		{F141F68B-6FB8-40E2-25D1-8AD83CDDDB3D}.Release|Any CPU.ActiveCfg = Release|Any CPU
		{F141F68B-6FB8-40E2-25D1-8AD83CDDDB3D}.Release|Any CPU.Build.0 = Release|Any CPU
	EndGlobalSection
	GlobalSection(SolutionProperties) = preSolution
		HideSolutionNode = FALSE
	EndGlobalSection
EndGlobal
