
Microsoft Visual Studio Solution File, Format Version 12.00
# Visual Studio 15
Project("{FAE04EC0-301F-11D3-BF4B-00C04F79EFBC}") = "Assembly-CSharp", "Assembly-CSharp.csproj", "{21A59CDC-BFBE-4397-E41F-2C74C9DF3E60}"
EndProject
Project("{FAE04EC0-301F-11D3-BF4B-00C04F79EFBC}") = "Assembly-CSharp-Editor", "Assembly-CSharp-Editor.csproj", "{7B49A651-0410-9269-29FF-D090781C33F3}"
EndProject
Global
	GlobalSection(SolutionConfigurationPlatforms) = preSolution
		Debug|Any CPU = Debug|Any CPU
		Release|Any CPU = Release|Any CPU
	EndGlobalSection
	GlobalSection(ProjectConfigurationPlatforms) = postSolution
		{21A59CDC-BFBE-4397-E41F-2C74C9DF3E60}.Debug|Any CPU.ActiveCfg = Debug|Any CPU
		{21A59CDC-BFBE-4397-E41F-2C74C9DF3E60}.Debug|Any CPU.Build.0 = Debug|Any CPU
		{21A59CDC-BFBE-4397-E41F-2C74C9DF3E60}.Release|Any CPU.ActiveCfg = Release|Any CPU
		{21A59CDC-BFBE-4397-E41F-2C74C9DF3E60}.Release|Any CPU.Build.0 = Release|Any CPU
		{7B49A651-0410-9269-29FF-D090781C33F3}.Debug|Any CPU.ActiveCfg = Debug|Any CPU
		{7B49A651-0410-9269-29FF-D090781C33F3}.Debug|Any CPU.Build.0 = Debug|Any CPU
		{7B49A651-0410-9269-29FF-D090781C33F3}.Release|Any CPU.ActiveCfg = Release|Any CPU
		{7B49A651-0410-9269-29FF-D090781C33F3}.Release|Any CPU.Build.0 = Release|Any CPU
	EndGlobalSection
	GlobalSection(SolutionProperties) = preSolution
		HideSolutionNode = FALSE
	EndGlobalSection
EndGlobal
